// !$*UTF8*$!
{
	archiveVersion = 1;
	classes = {
	};
	objectVersion = 50;
	objects = {

/* Begin PBXBuildFile section */
		8E09A0AA2495FEEB00EF09FB /* AppDelegate.swift in Sources */ = {isa = PBXBuildFile; fileRef = 8E09A0A92495FEEB00EF09FB /* AppDelegate.swift */; };
		8E09A0AC2495FEEB00EF09FB /* SceneDelegate.swift in Sources */ = {isa = PBXBuildFile; fileRef = 8E09A0AB2495FEEB00EF09FB /* SceneDelegate.swift */; };
		8E09A0AE2495FEEB00EF09FB /* ViewController.swift in Sources */ = {isa = PBXBuildFile; fileRef = 8E09A0AD2495FEEB00EF09FB /* ViewController.swift */; };
		8E09A0B12495FEEB00EF09FB /* Main.storyboard in Resources */ = {isa = PBXBuildFile; fileRef = 8E09A0AF2495FEEB00EF09FB /* Main.storyboard */; };
		8E09A0B32495FEED00EF09FB /* Assets.xcassets in Resources */ = {isa = PBXBuildFile; fileRef = 8E09A0B22495FEED00EF09FB /* Assets.xcassets */; };
		8E09A0B62495FEED00EF09FB /* LaunchScreen.storyboard in Resources */ = {isa = PBXBuildFile; fileRef = 8E09A0B42495FEED00EF09FB /* LaunchScreen.storyboard */; };
		8E32511324D69769002B3C08 /* DetailViewController.swift in Sources */ = {isa = PBXBuildFile; fileRef = 8E32511224D69769002B3C08 /* DetailViewController.swift */; };
		8E32511624D69A76002B3C08 /* WebKit.framework in Frameworks */ = {isa = PBXBuildFile; fileRef = 8E32511524D69A76002B3C08 /* WebKit.framework */; };
		8EADC769249F03820087E0DE /* Constants.swift in Sources */ = {isa = PBXBuildFile; fileRef = 8EADC768249F03820087E0DE /* Constants.swift */; };
		8EADC76B249F09550087E0DE /* Video.swift in Sources */ = {isa = PBXBuildFile; fileRef = 8EADC76A249F09550087E0DE /* Video.swift */; };
		8EADC76D249F09F90087E0DE /* Model.swift in Sources */ = {isa = PBXBuildFile; fileRef = 8EADC76C249F09F90087E0DE /* Model.swift */; };
		8EBD350D24D5AE4300088EF9 /* VideoTableViewCell.swift in Sources */ = {isa = PBXBuildFile; fileRef = 8EBD350C24D5AE4300088EF9 /* VideoTableViewCell.swift */; };
		8EBD351424D5BBA800088EF9 /* CacheManager.swift in Sources */ = {isa = PBXBuildFile; fileRef = 8EBD351324D5BBA800088EF9 /* CacheManager.swift */; };
		8ED77FC124D0693200E1EC54 /* Response.swift in Sources */ = {isa = PBXBuildFile; fileRef = 8ED77FC024D0693200E1EC54 /* Response.swift */; };
/* End PBXBuildFile section */

/* Begin PBXFileReference section */
		8E09A0A62495FEEB00EF09FB /* youtube-onedaybuild.app */ = {isa = PBXFileReference; explicitFileType = wrapper.application; includeInIndex = 0; path = "youtube-onedaybuild.app"; sourceTree = BUILT_PRODUCTS_DIR; };
		8E09A0A92495FEEB00EF09FB /* AppDelegate.swift */ = {isa = PBXFileReference; lastKnownFileType = sourcecode.swift; path = AppDelegate.swift; sourceTree = "<group>"; };
		8E09A0AB2495FEEB00EF09FB /* SceneDelegate.swift */ = {isa = PBXFileReference; lastKnownFileType = sourcecode.swift; path = SceneDelegate.swift; sourceTree = "<group>"; };
		8E09A0AD2495FEEB00EF09FB /* ViewController.swift */ = {isa = PBXFileReference; lastKnownFileType = sourcecode.swift; path = ViewController.swift; sourceTree = "<group>"; };
		8E09A0B02495FEEB00EF09FB /* Base */ = {isa = PBXFileReference; lastKnownFileType = file.storyboard; name = Base; path = Base.lproj/Main.storyboard; sourceTree = "<group>"; };
		8E09A0B22495FEED00EF09FB /* Assets.xcassets */ = {isa = PBXFileReference; lastKnownFileType = folder.assetcatalog; path = Assets.xcassets; sourceTree = "<group>"; };
		8E09A0B52495FEED00EF09FB /* Base */ = {isa = PBXFileReference; lastKnownFileType = file.storyboard; name = Base; path = Base.lproj/LaunchScreen.storyboard; sourceTree = "<group>"; };
		8E09A0B72495FEED00EF09FB /* Info.plist */ = {isa = PBXFileReference; lastKnownFileType = text.plist.xml; path = Info.plist; sourceTree = "<group>"; };
		8E32511224D69769002B3C08 /* DetailViewController.swift */ = {isa = PBXFileReference; lastKnownFileType = sourcecode.swift; path = DetailViewController.swift; sourceTree = "<group>"; };
		8E32511524D69A76002B3C08 /* WebKit.framework */ = {isa = PBXFileReference; lastKnownFileType = wrapper.framework; name = WebKit.framework; path = System/Library/Frameworks/WebKit.framework; sourceTree = SDKROOT; };
		8EADC768249F03820087E0DE /* Constants.swift */ = {isa = PBXFileReference; lastKnownFileType = sourcecode.swift; name = Constants.swift; path = ../Constants.swift; sourceTree = "<group>"; };
		8EADC76A249F09550087E0DE /* Video.swift */ = {isa = PBXFileReference; lastKnownFileType = sourcecode.swift; path = Video.swift; sourceTree = "<group>"; };
		8EADC76C249F09F90087E0DE /* Model.swift */ = {isa = PBXFileReference; lastKnownFileType = sourcecode.swift; path = Model.swift; sourceTree = "<group>"; };
		8EBD350C24D5AE4300088EF9 /* VideoTableViewCell.swift */ = {isa = PBXFileReference; lastKnownFileType = sourcecode.swift; path = VideoTableViewCell.swift; sourceTree = "<group>"; };
		8EBD351324D5BBA800088EF9 /* CacheManager.swift */ = {isa = PBXFileReference; lastKnownFileType = sourcecode.swift; path = CacheManager.swift; sourceTree = "<group>"; };
		8ED77FC024D0693200E1EC54 /* Response.swift */ = {isa = PBXFileReference; lastKnownFileType = sourcecode.swift; path = Response.swift; sourceTree = "<group>"; };
/* End PBXFileReference section */

/* Begin PBXFrameworksBuildPhase section */
		8E09A0A32495FEEB00EF09FB /* Frameworks */ = {
			isa = PBXFrameworksBuildPhase;
			buildActionMask = 2147483647;
			files = (
				8E32511624D69A76002B3C08 /* WebKit.framework in Frameworks */,
			);
			runOnlyForDeploymentPostprocessing = 0;
		};
/* End PBXFrameworksBuildPhase section */

/* Begin PBXGroup section */
		8E09A09D2495FEEB00EF09FB = {
			isa = PBXGroup;
			children = (
				8E09A0A82495FEEB00EF09FB /* youtube-onedaybuild */,
				8E09A0A72495FEEB00EF09FB /* Products */,
				8E32511424D69A76002B3C08 /* Frameworks */,
			);
			sourceTree = "<group>";
		};
		8E09A0A72495FEEB00EF09FB /* Products */ = {
			isa = PBXGroup;
			children = (
				8E09A0A62495FEEB00EF09FB /* youtube-onedaybuild.app */,
			);
			name = Products;
			sourceTree = "<group>";
		};
		8E09A0A82495FEEB00EF09FB /* youtube-onedaybuild */ = {
			isa = PBXGroup;
			children = (
				8E09A0A92495FEEB00EF09FB /* AppDelegate.swift */,
				8E09A0AB2495FEEB00EF09FB /* SceneDelegate.swift */,
				8EBD351224D5AE9E00088EF9 /* Helpers */,
				8EBD351124D5AE9500088EF9 /* Storyboards */,
				8EBD351024D5AE8E00088EF9 /* Models */,
				8EBD350F24D5AE8900088EF9 /* Views */,
				8EBD350E24D5AE7B00088EF9 /* View Controlleres */,
				8E09A0B22495FEED00EF09FB /* Assets.xcassets */,
				8E09A0B72495FEED00EF09FB /* Info.plist */,
			);
			path = "youtube-onedaybuild";
			sourceTree = "<group>";
		};
		8E32511424D69A76002B3C08 /* Frameworks */ = {
			isa = PBXGroup;
			children = (
				8E32511524D69A76002B3C08 /* WebKit.framework */,
			);
			name = Frameworks;
			sourceTree = "<group>";
		};
		8EBD350E24D5AE7B00088EF9 /* View Controlleres */ = {
			isa = PBXGroup;
			children = (
				8E09A0AD2495FEEB00EF09FB /* ViewController.swift */,
				8E32511224D69769002B3C08 /* DetailViewController.swift */,
			);
			path = "View Controlleres";
			sourceTree = "<group>";
		};
		8EBD350F24D5AE8900088EF9 /* Views */ = {
			isa = PBXGroup;
			children = (
				8EBD350C24D5AE4300088EF9 /* VideoTableViewCell.swift */,
			);
			path = Views;
			sourceTree = "<group>";
		};
		8EBD351024D5AE8E00088EF9 /* Models */ = {
			isa = PBXGroup;
			children = (
				8EADC76A249F09550087E0DE /* Video.swift */,
				8EADC76C249F09F90087E0DE /* Model.swift */,
				8ED77FC024D0693200E1EC54 /* Response.swift */,
			);
			path = Models;
			sourceTree = "<group>";
		};
		8EBD351124D5AE9500088EF9 /* Storyboards */ = {
			isa = PBXGroup;
			children = (
				8E09A0AF2495FEEB00EF09FB /* Main.storyboard */,
				8E09A0B42495FEED00EF09FB /* LaunchScreen.storyboard */,
			);
			path = Storyboards;
			sourceTree = "<group>";
		};
		8EBD351224D5AE9E00088EF9 /* Helpers */ = {
			isa = PBXGroup;
			children = (
				8EADC768249F03820087E0DE /* Constants.swift */,
				8EBD351324D5BBA800088EF9 /* CacheManager.swift */,
			);
			path = Helpers;
			sourceTree = "<group>";
		};
/* End PBXGroup section */

/* Begin PBXNativeTarget section */
		8E09A0A52495FEEB00EF09FB /* youtube-onedaybuild */ = {
			isa = PBXNativeTarget;
			buildConfigurationList = 8E09A0BA2495FEED00EF09FB /* Build configuration list for PBXNativeTarget "youtube-onedaybuild" */;
			buildPhases = (
				8E09A0A22495FEEB00EF09FB /* Sources */,
				8E09A0A32495FEEB00EF09FB /* Frameworks */,
				8E09A0A42495FEEB00EF09FB /* Resources */,
			);
			buildRules = (
			);
			dependencies = (
			);
			name = "youtube-onedaybuild";
			productName = "youtube-onedaybuild";
			productReference = 8E09A0A62495FEEB00EF09FB /* youtube-onedaybuild.app */;
			productType = "com.apple.product-type.application";
		};
/* End PBXNativeTarget section */

/* Begin PBXProject section */
		8E09A09E2495FEEB00EF09FB /* Project object */ = {
			isa = PBXProject;
			attributes = {
				LastSwiftUpdateCheck = 1140;
				LastUpgradeCheck = 1140;
				ORGANIZATIONNAME = ECM;
				TargetAttributes = {
					8E09A0A52495FEEB00EF09FB = {
						CreatedOnToolsVersion = 11.4.1;
					};
				};
			};
			buildConfigurationList = 8E09A0A12495FEEB00EF09FB /* Build configuration list for PBXProject "youtube-onedaybuild" */;
			compatibilityVersion = "Xcode 9.3";
			developmentRegion = en;
			hasScannedForEncodings = 0;
			knownRegions = (
				en,
				Base,
			);
			mainGroup = 8E09A09D2495FEEB00EF09FB;
			productRefGroup = 8E09A0A72495FEEB00EF09FB /* Products */;
			projectDirPath = "";
			projectRoot = "";
			targets = (
				8E09A0A52495FEEB00EF09FB /* youtube-onedaybuild */,
			);
		};
/* End PBXProject section */

/* Begin PBXResourcesBuildPhase section */
		8E09A0A42495FEEB00EF09FB /* Resources */ = {
			isa = PBXResourcesBuildPhase;
			buildActionMask = 2147483647;
			files = (
				8E09A0B62495FEED00EF09FB /* LaunchScreen.storyboard in Resources */,
				8E09A0B32495FEED00EF09FB /* Assets.xcassets in Resources */,
				8E09A0B12495FEEB00EF09FB /* Main.storyboard in Resources */,
			);
			runOnlyForDeploymentPostprocessing = 0;
		};
/* End PBXResourcesBuildPhase section */

/* Begin PBXSourcesBuildPhase section */
		8E09A0A22495FEEB00EF09FB /* Sources */ = {
			isa = PBXSourcesBuildPhase;
			buildActionMask = 2147483647;
			files = (
				8E09A0AE2495FEEB00EF09FB /* ViewController.swift in Sources */,
				8EBD351424D5BBA800088EF9 /* CacheManager.swift in Sources */,
				8E09A0AA2495FEEB00EF09FB /* AppDelegate.swift in Sources */,
				8E09A0AC2495FEEB00EF09FB /* SceneDelegate.swift in Sources */,
				8EADC76D249F09F90087E0DE /* Model.swift in Sources */,
				8EADC769249F03820087E0DE /* Constants.swift in Sources */,
				8EBD350D24D5AE4300088EF9 /* VideoTableViewCell.swift in Sources */,
				8E32511324D69769002B3C08 /* DetailViewController.swift in Sources */,
				8EADC76B249F09550087E0DE /* Video.swift in Sources */,
				8ED77FC124D0693200E1EC54 /* Response.swift in Sources */,
			);
			runOnlyForDeploymentPostprocessing = 0;
		};
/* End PBXSourcesBuildPhase section */

/* Begin PBXVariantGroup section */
		8E09A0AF2495FEEB00EF09FB /* Main.storyboard */ = {
			isa = PBXVariantGroup;
			children = (
				8E09A0B02495FEEB00EF09FB /* Base */,
			);
			name = Main.storyboard;
			sourceTree = "<group>";
		};
		8E09A0B42495FEED00EF09FB /* LaunchScreen.storyboard */ = {
			isa = PBXVariantGroup;
			children = (
				8E09A0B52495FEED00EF09FB /* Base */,
			);
			name = LaunchScreen.storyboard;
			sourceTree = "<group>";
		};
/* End PBXVariantGroup section */

/* Begin XCBuildConfiguration section */
		8E09A0B82495FEED00EF09FB /* Debug */ = {
			isa = XCBuildConfiguration;
			buildSettings = {
				ALWAYS_SEARCH_USER_PATHS = NO;
				CLANG_ANALYZER_NONNULL = YES;
				CLANG_ANALYZER_NUMBER_OBJECT_CONVERSION = YES_AGGRESSIVE;
				CLANG_CXX_LANGUAGE_STANDARD = "gnu++14";
				CLANG_CXX_LIBRARY = "libc++";
				CLANG_ENABLE_MODULES = YES;
				CLANG_ENABLE_OBJC_ARC = YES;
				CLANG_ENABLE_OBJC_WEAK = YES;
				CLANG_WARN_BLOCK_CAPTURE_AUTORELEASING = YES;
				CLANG_WARN_BOOL_CONVERSION = YES;
				CLANG_WARN_COMMA = YES;
				CLANG_WARN_CONSTANT_CONVERSION = YES;
				CLANG_WARN_DEPRECATED_OBJC_IMPLEMENTATIONS = YES;
				CLANG_WARN_DIRECT_OBJC_ISA_USAGE = YES_ERROR;
				CLANG_WARN_DOCUMENTATION_COMMENTS = YES;
				CLANG_WARN_EMPTY_BODY = YES;
				CLANG_WARN_ENUM_CONVERSION = YES;
				CLANG_WARN_INFINITE_RECURSION = YES;
				CLANG_WARN_INT_CONVERSION = YES;
				CLANG_WARN_NON_LITERAL_NULL_CONVERSION = YES;
				CLANG_WARN_OBJC_IMPLICIT_RETAIN_SELF = YES;
				CLANG_WARN_OBJC_LITERAL_CONVERSION = YES;
				CLANG_WARN_OBJC_ROOT_CLASS = YES_ERROR;
				CLANG_WARN_RANGE_LOOP_ANALYSIS = YES;
				CLANG_WARN_STRICT_PROTOTYPES = YES;
				CLANG_WARN_SUSPICIOUS_MOVE = YES;
				CLANG_WARN_UNGUARDED_AVAILABILITY = YES_AGGRESSIVE;
				CLANG_WARN_UNREACHABLE_CODE = YES;
				CLANG_WARN__DUPLICATE_METHOD_MATCH = YES;
				COPY_PHASE_STRIP = NO;
				DEBUG_INFORMATION_FORMAT = dwarf;
				ENABLE_STRICT_OBJC_MSGSEND = YES;
				ENABLE_TESTABILITY = YES;
				GCC_C_LANGUAGE_STANDARD = gnu11;
				GCC_DYNAMIC_NO_PIC = NO;
				GCC_NO_COMMON_BLOCKS = YES;
				GCC_OPTIMIZATION_LEVEL = 0;
				GCC_PREPROCESSOR_DEFINITIONS = (
					"DEBUG=1",
					"$(inherited)",
				);
				GCC_WARN_64_TO_32_BIT_CONVERSION = YES;
				GCC_WARN_ABOUT_RETURN_TYPE = YES_ERROR;
				GCC_WARN_UNDECLARED_SELECTOR = YES;
				GCC_WARN_UNINITIALIZED_AUTOS = YES_AGGRESSIVE;
				GCC_WARN_UNUSED_FUNCTION = YES;
				GCC_WARN_UNUSED_VARIABLE = YES;
				IPHONEOS_DEPLOYMENT_TARGET = 13.4;
				MTL_ENABLE_DEBUG_INFO = INCLUDE_SOURCE;
				MTL_FAST_MATH = YES;
				ONLY_ACTIVE_ARCH = YES;
				SDKROOT = iphoneos;
				SWIFT_ACTIVE_COMPILATION_CONDITIONS = DEBUG;
				SWIFT_OPTIMIZATION_LEVEL = "-Onone";
			};
			name = Debug;
		};
		8E09A0B92495FEED00EF09FB /* Release */ = {
			isa = XCBuildConfiguration;
			buildSettings = {
				ALWAYS_SEARCH_USER_PATHS = NO;
				CLANG_ANALYZER_NONNULL = YES;
				CLANG_ANALYZER_NUMBER_OBJECT_CONVERSION = YES_AGGRESSIVE;
				CLANG_CXX_LANGUAGE_STANDARD = "gnu++14";
				CLANG_CXX_LIBRARY = "libc++";
				CLANG_ENABLE_MODULES = YES;
				CLANG_ENABLE_OBJC_ARC = YES;
				CLANG_ENABLE_OBJC_WEAK = YES;
				CLANG_WARN_BLOCK_CAPTURE_AUTORELEASING = YES;
				CLANG_WARN_BOOL_CONVERSION = YES;
				CLANG_WARN_COMMA = YES;
				CLANG_WARN_CONSTANT_CONVERSION = YES;
				CLANG_WARN_DEPRECATED_OBJC_IMPLEMENTATIONS = YES;
				CLANG_WARN_DIRECT_OBJC_ISA_USAGE = YES_ERROR;
				CLANG_WARN_DOCUMENTATION_COMMENTS = YES;
				CLANG_WARN_EMPTY_BODY = YES;
				CLANG_WARN_ENUM_CONVERSION = YES;
				CLANG_WARN_INFINITE_RECURSION = YES;
				CLANG_WARN_INT_CONVERSION = YES;
				CLANG_WARN_NON_LITERAL_NULL_CONVERSION = YES;
				CLANG_WARN_OBJC_IMPLICIT_RETAIN_SELF = YES;
				CLANG_WARN_OBJC_LITERAL_CONVERSION = YES;
				CLANG_WARN_OBJC_ROOT_CLASS = YES_ERROR;
				CLANG_WARN_RANGE_LOOP_ANALYSIS = YES;
				CLANG_WARN_STRICT_PROTOTYPES = YES;
				CLANG_WARN_SUSPICIOUS_MOVE = YES;
				CLANG_WARN_UNGUARDED_AVAILABILITY = YES_AGGRESSIVE;
				CLANG_WARN_UNREACHABLE_CODE = YES;
				CLANG_WARN__DUPLICATE_METHOD_MATCH = YES;
				COPY_PHASE_STRIP = NO;
				DEBUG_INFORMATION_FORMAT = "dwarf-with-dsym";
				ENABLE_NS_ASSERTIONS = NO;
				ENABLE_STRICT_OBJC_MSGSEND = YES;
				GCC_C_LANGUAGE_STANDARD = gnu11;
				GCC_NO_COMMON_BLOCKS = YES;
				GCC_WARN_64_TO_32_BIT_CONVERSION = YES;
				GCC_WARN_ABOUT_RETURN_TYPE = YES_ERROR;
				GCC_WARN_UNDECLARED_SELECTOR = YES;
				GCC_WARN_UNINITIALIZED_AUTOS = YES_AGGRESSIVE;
				GCC_WARN_UNUSED_FUNCTION = YES;
				GCC_WARN_UNUSED_VARIABLE = YES;
				IPHONEOS_DEPLOYMENT_TARGET = 13.4;
				MTL_ENABLE_DEBUG_INFO = NO;
				MTL_FAST_MATH = YES;
				SDKROOT = iphoneos;
				SWIFT_COMPILATION_MODE = wholemodule;
				SWIFT_OPTIMIZATION_LEVEL = "-O";
				VALIDATE_PRODUCT = YES;
			};
			name = Release;
		};
		8E09A0BB2495FEED00EF09FB /* Debug */ = {
			isa = XCBuildConfiguration;
			buildSettings = {
				ASSETCATALOG_COMPILER_APPICON_NAME = AppIcon;
				CODE_SIGN_STYLE = Automatic;
				DEVELOPMENT_TEAM = 7N5W7SHL6W;
				INFOPLIST_FILE = "youtube-onedaybuild/Info.plist";
				LD_RUNPATH_SEARCH_PATHS = (
					"$(inherited)",
					"@executable_path/Frameworks",
				);
				PRODUCT_BUNDLE_IDENTIFIER = "com.ecm.youtube-onedaybuild";
				PRODUCT_NAME = "$(TARGET_NAME)";
				SWIFT_VERSION = 5.0;
				TARGETED_DEVICE_FAMILY = "1,2";
			};
			name = Debug;
		};
		8E09A0BC2495FEED00EF09FB /* Release */ = {
			isa = XCBuildConfiguration;
			buildSettings = {
				ASSETCATALOG_COMPILER_APPICON_NAME = AppIcon;
				CODE_SIGN_STYLE = Automatic;
				DEVELOPMENT_TEAM = 7N5W7SHL6W;
				INFOPLIST_FILE = "youtube-onedaybuild/Info.plist";
				LD_RUNPATH_SEARCH_PATHS = (
					"$(inherited)",
					"@executable_path/Frameworks",
				);
				PRODUCT_BUNDLE_IDENTIFIER = "com.ecm.youtube-onedaybuild";
				PRODUCT_NAME = "$(TARGET_NAME)";
				SWIFT_VERSION = 5.0;
				TARGETED_DEVICE_FAMILY = "1,2";
			};
			name = Release;
		};
/* End XCBuildConfiguration section */

/* Begin XCConfigurationList section */
		8E09A0A12495FEEB00EF09FB /* Build configuration list for PBXProject "youtube-onedaybuild" */ = {
			isa = XCConfigurationList;
			buildConfigurations = (
				8E09A0B82495FEED00EF09FB /* Debug */,
				8E09A0B92495FEED00EF09FB /* Release */,
			);
			defaultConfigurationIsVisible = 0;
			defaultConfigurationName = Release;
		};
		8E09A0BA2495FEED00EF09FB /* Build configuration list for PBXNativeTarget "youtube-onedaybuild" */ = {
			isa = XCConfigurationList;
			buildConfigurations = (
				8E09A0BB2495FEED00EF09FB /* Debug */,
				8E09A0BC2495FEED00EF09FB /* Release */,
			);
			defaultConfigurationIsVisible = 0;
			defaultConfigurationName = Release;
		};
/* End XCConfigurationList section */
	};
	rootObject = 8E09A09E2495FEEB00EF09FB /* Project object */;
}
